// !$*UTF8*$!
{
	archiveVersion = 1;
	classes = {
	};
	objectVersion = 50;
	objects = {

/* Begin PBXBuildFile section */
		0477AEFF268EBC3700D4EF33 /* AppDelegate.swift in Sources */ = {isa = PBXBuildFile; fileRef = 0477AEFE268EBC3700D4EF33 /* AppDelegate.swift */; };
		0477AF01268EBC3700D4EF33 /* SceneDelegate.swift in Sources */ = {isa = PBXBuildFile; fileRef = 0477AF00268EBC3700D4EF33 /* SceneDelegate.swift */; };
		0477AF03268EBC3700D4EF33 /* TimerViewController.swift in Sources */ = {isa = PBXBuildFile; fileRef = 0477AF02268EBC3700D4EF33 /* TimerViewController.swift */; };
		0477AF06268EBC3700D4EF33 /* Main.storyboard in Resources */ = {isa = PBXBuildFile; fileRef = 0477AF04268EBC3700D4EF33 /* Main.storyboard */; };
		0477AF08268EBC3A00D4EF33 /* Assets.xcassets in Resources */ = {isa = PBXBuildFile; fileRef = 0477AF07268EBC3A00D4EF33 /* Assets.xcassets */; };
		0477AF0B268EBC3A00D4EF33 /* LaunchScreen.storyboard in Resources */ = {isa = PBXBuildFile; fileRef = 0477AF09268EBC3A00D4EF33 /* LaunchScreen.storyboard */; };
		0477AF13268F255600D4EF33 /* GlobalTimeViewController.swift in Sources */ = {isa = PBXBuildFile; fileRef = 0477AF12268F255600D4EF33 /* GlobalTimeViewController.swift */; };
		0477AF15268F257900D4EF33 /* AlarmClockViewController.swift in Sources */ = {isa = PBXBuildFile; fileRef = 0477AF14268F257900D4EF33 /* AlarmClockViewController.swift */; };
		0477AF17268F258E00D4EF33 /* StopWatchViewController.swift in Sources */ = {isa = PBXBuildFile; fileRef = 0477AF16268F258E00D4EF33 /* StopWatchViewController.swift */; };
/* End PBXBuildFile section */

/* Begin PBXFileReference section */
		0477AEFB268EBC3600D4EF33 /* Lesson 11.app */ = {isa = PBXFileReference; explicitFileType = wrapper.application; includeInIndex = 0; path = "Lesson 11.app"; sourceTree = BUILT_PRODUCTS_DIR; };
		0477AEFE268EBC3700D4EF33 /* AppDelegate.swift */ = {isa = PBXFileReference; lastKnownFileType = sourcecode.swift; path = AppDelegate.swift; sourceTree = "<group>"; };
		0477AF00268EBC3700D4EF33 /* SceneDelegate.swift */ = {isa = PBXFileReference; lastKnownFileType = sourcecode.swift; path = SceneDelegate.swift; sourceTree = "<group>"; };
		0477AF02268EBC3700D4EF33 /* TimerViewController.swift */ = {isa = PBXFileReference; lastKnownFileType = sourcecode.swift; path = TimerViewController.swift; sourceTree = "<group>"; };
		0477AF05268EBC3700D4EF33 /* Base */ = {isa = PBXFileReference; lastKnownFileType = file.storyboard; name = Base; path = Base.lproj/Main.storyboard; sourceTree = "<group>"; };
		0477AF07268EBC3A00D4EF33 /* Assets.xcassets */ = {isa = PBXFileReference; lastKnownFileType = folder.assetcatalog; path = Assets.xcassets; sourceTree = "<group>"; };
		0477AF0A268EBC3A00D4EF33 /* Base */ = {isa = PBXFileReference; lastKnownFileType = file.storyboard; name = Base; path = Base.lproj/LaunchScreen.storyboard; sourceTree = "<group>"; };
		0477AF0C268EBC3A00D4EF33 /* Info.plist */ = {isa = PBXFileReference; lastKnownFileType = text.plist.xml; path = Info.plist; sourceTree = "<group>"; };
		0477AF12268F255600D4EF33 /* GlobalTimeViewController.swift */ = {isa = PBXFileReference; lastKnownFileType = sourcecode.swift; path = GlobalTimeViewController.swift; sourceTree = "<group>"; };
		0477AF14268F257900D4EF33 /* AlarmClockViewController.swift */ = {isa = PBXFileReference; lastKnownFileType = sourcecode.swift; path = AlarmClockViewController.swift; sourceTree = "<group>"; };
		0477AF16268F258E00D4EF33 /* StopWatchViewController.swift */ = {isa = PBXFileReference; lastKnownFileType = sourcecode.swift; path = StopWatchViewController.swift; sourceTree = "<group>"; };
/* End PBXFileReference section */

/* Begin PBXFrameworksBuildPhase section */
		0477AEF8268EBC3600D4EF33 /* Frameworks */ = {
			isa = PBXFrameworksBuildPhase;
			buildActionMask = 2147483647;
			files = (
			);
			runOnlyForDeploymentPostprocessing = 0;
		};
/* End PBXFrameworksBuildPhase section */

/* Begin PBXGroup section */
		0477AEF2268EBC3600D4EF33 = {
			isa = PBXGroup;
			children = (
				0477AEFD268EBC3600D4EF33 /* Lesson 11 */,
				0477AEFC268EBC3600D4EF33 /* Products */,
			);
			sourceTree = "<group>";
		};
		0477AEFC268EBC3600D4EF33 /* Products */ = {
			isa = PBXGroup;
			children = (
				0477AEFB268EBC3600D4EF33 /* Lesson 11.app */,
			);
			name = Products;
			sourceTree = "<group>";
		};
		0477AEFD268EBC3600D4EF33 /* Lesson 11 */ = {
			isa = PBXGroup;
			children = (
				0477AEFE268EBC3700D4EF33 /* AppDelegate.swift */,
				0477AF00268EBC3700D4EF33 /* SceneDelegate.swift */,
				0477AF12268F255600D4EF33 /* GlobalTimeViewController.swift */,
				0477AF14268F257900D4EF33 /* AlarmClockViewController.swift */,
				0477AF16268F258E00D4EF33 /* StopWatchViewController.swift */,
				0477AF02268EBC3700D4EF33 /* TimerViewController.swift */,
				0477AF04268EBC3700D4EF33 /* Main.storyboard */,
				0477AF07268EBC3A00D4EF33 /* Assets.xcassets */,
				0477AF09268EBC3A00D4EF33 /* LaunchScreen.storyboard */,
				0477AF0C268EBC3A00D4EF33 /* Info.plist */,
			);
			path = "Lesson 11";
			sourceTree = "<group>";
		};
/* End PBXGroup section */

/* Begin PBXNativeTarget section */
		0477AEFA268EBC3600D4EF33 /* Lesson 11 */ = {
			isa = PBXNativeTarget;
			buildConfigurationList = 0477AF0F268EBC3A00D4EF33 /* Build configuration list for PBXNativeTarget "Lesson 11" */;
			buildPhases = (
				0477AEF7268EBC3600D4EF33 /* Sources */,
				0477AEF8268EBC3600D4EF33 /* Frameworks */,
				0477AEF9268EBC3600D4EF33 /* Resources */,
			);
			buildRules = (
			);
			dependencies = (
			);
			name = "Lesson 11";
			productName = "Lesson 11";
			productReference = 0477AEFB268EBC3600D4EF33 /* Lesson 11.app */;
			productType = "com.apple.product-type.application";
		};
/* End PBXNativeTarget section */

/* Begin PBXProject section */
		0477AEF3268EBC3600D4EF33 /* Project object */ = {
			isa = PBXProject;
			attributes = {
				LastSwiftUpdateCheck = 1250;
				LastUpgradeCheck = 1250;
				TargetAttributes = {
					0477AEFA268EBC3600D4EF33 = {
						CreatedOnToolsVersion = 12.5.1;
					};
				};
			};
			buildConfigurationList = 0477AEF6268EBC3600D4EF33 /* Build configuration list for PBXProject "Lesson 11" */;
			compatibilityVersion = "Xcode 9.3";
			developmentRegion = en;
			hasScannedForEncodings = 0;
			knownRegions = (
				en,
				Base,
			);
			mainGroup = 0477AEF2268EBC3600D4EF33;
			productRefGroup = 0477AEFC268EBC3600D4EF33 /* Products */;
			projectDirPath = "";
			projectRoot = "";
			targets = (
				0477AEFA268EBC3600D4EF33 /* Lesson 11 */,
			);
		};
/* End PBXProject section */

/* Begin PBXResourcesBuildPhase section */
		0477AEF9268EBC3600D4EF33 /* Resources */ = {
			isa = PBXResourcesBuildPhase;
			buildActionMask = 2147483647;
			files = (
				0477AF0B268EBC3A00D4EF33 /* LaunchScreen.storyboard in Resources */,
				0477AF08268EBC3A00D4EF33 /* Assets.xcassets in Resources */,
				0477AF06268EBC3700D4EF33 /* Main.storyboard in Resources */,
			);
			runOnlyForDeploymentPostprocessing = 0;
		};
/* End PBXResourcesBuildPhase section */

/* Begin PBXSourcesBuildPhase section */
		0477AEF7268EBC3600D4EF33 /* Sources */ = {
			isa = PBXSourcesBuildPhase;
			buildActionMask = 2147483647;
			files = (
				0477AF15268F257900D4EF33 /* AlarmClockViewController.swift in Sources */,
				0477AF13268F255600D4EF33 /* GlobalTimeViewController.swift in Sources */,
				0477AF03268EBC3700D4EF33 /* TimerViewController.swift in Sources */,
				0477AEFF268EBC3700D4EF33 /* AppDelegate.swift in Sources */,
				0477AF17268F258E00D4EF33 /* StopWatchViewController.swift in Sources */,
				0477AF01268EBC3700D4EF33 /* SceneDelegate.swift in Sources */,
			);
			runOnlyForDeploymentPostprocessing = 0;
		};
/* End PBXSourcesBuildPhase section */

/* Begin PBXVariantGroup section */
		0477AF04268EBC3700D4EF33 /* Main.storyboard */ = {
			isa = PBXVariantGroup;
			children = (
				0477AF05268EBC3700D4EF33 /* Base */,
			);
			name = Main.storyboard;
			sourceTree = "<group>";
		};
		0477AF09268EBC3A00D4EF33 /* LaunchScreen.storyboard */ = {
			isa = PBXVariantGroup;
			children = (
				0477AF0A268EBC3A00D4EF33 /* Base */,
			);
			name = LaunchScreen.storyboard;
			sourceTree = "<group>";
		};
/* End PBXVariantGroup section */

/* Begin XCBuildConfiguration section */
		0477AF0D268EBC3A00D4EF33 /* Debug */ = {
			isa = XCBuildConfiguration;
			buildSettings = {
				ALWAYS_SEARCH_USER_PATHS = NO;
				CLANG_ANALYZER_NONNULL = YES;
				CLANG_ANALYZER_NUMBER_OBJECT_CONVERSION = YES_AGGRESSIVE;
				CLANG_CXX_LANGUAGE_STANDARD = "gnu++14";
				CLANG_CXX_LIBRARY = "libc++";
				CLANG_ENABLE_MODULES = YES;
				CLANG_ENABLE_OBJC_ARC = YES;
				CLANG_ENABLE_OBJC_WEAK = YES;
				CLANG_WARN_BLOCK_CAPTURE_AUTORELEASING = YES;
				CLANG_WARN_BOOL_CONVERSION = YES;
				CLANG_WARN_COMMA = YES;
				CLANG_WARN_CONSTANT_CONVERSION = YES;
				CLANG_WARN_DEPRECATED_OBJC_IMPLEMENTATIONS = YES;
				CLANG_WARN_DIRECT_OBJC_ISA_USAGE = YES_ERROR;
				CLANG_WARN_DOCUMENTATION_COMMENTS = YES;
				CLANG_WARN_EMPTY_BODY = YES;
				CLANG_WARN_ENUM_CONVERSION = YES;
				CLANG_WARN_INFINITE_RECURSION = YES;
				CLANG_WARN_INT_CONVERSION = YES;
				CLANG_WARN_NON_LITERAL_NULL_CONVERSION = YES;
				CLANG_WARN_OBJC_IMPLICIT_RETAIN_SELF = YES;
				CLANG_WARN_OBJC_LITERAL_CONVERSION = YES;
				CLANG_WARN_OBJC_ROOT_CLASS = YES_ERROR;
				CLANG_WARN_QUOTED_INCLUDE_IN_FRAMEWORK_HEADER = YES;
				CLANG_WARN_RANGE_LOOP_ANALYSIS = YES;
				CLANG_WARN_STRICT_PROTOTYPES = YES;
				CLANG_WARN_SUSPICIOUS_MOVE = YES;
				CLANG_WARN_UNGUARDED_AVAILABILITY = YES_AGGRESSIVE;
				CLANG_WARN_UNREACHABLE_CODE = YES;
				CLANG_WARN__DUPLICATE_METHOD_MATCH = YES;
				COPY_PHASE_STRIP = NO;
				DEBUG_INFORMATION_FORMAT = dwarf;
				ENABLE_STRICT_OBJC_MSGSEND = YES;
				ENABLE_TESTABILITY = YES;
				GCC_C_LANGUAGE_STANDARD = gnu11;
				GCC_DYNAMIC_NO_PIC = NO;
				GCC_NO_COMMON_BLOCKS = YES;
				GCC_OPTIMIZATION_LEVEL = 0;
				GCC_PREPROCESSOR_DEFINITIONS = (
					"DEBUG=1",
					"$(inherited)",
				);
				GCC_WARN_64_TO_32_BIT_CONVERSION = YES;
				GCC_WARN_ABOUT_RETURN_TYPE = YES_ERROR;
				GCC_WARN_UNDECLARED_SELECTOR = YES;
				GCC_WARN_UNINITIALIZED_AUTOS = YES_AGGRESSIVE;
				GCC_WARN_UNUSED_FUNCTION = YES;
				GCC_WARN_UNUSED_VARIABLE = YES;
				IPHONEOS_DEPLOYMENT_TARGET = 14.5;
				MTL_ENABLE_DEBUG_INFO = INCLUDE_SOURCE;
				MTL_FAST_MATH = YES;
				ONLY_ACTIVE_ARCH = YES;
				SDKROOT = iphoneos;
				SWIFT_ACTIVE_COMPILATION_CONDITIONS = DEBUG;
				SWIFT_OPTIMIZATION_LEVEL = "-Onone";
			};
			name = Debug;
		};
		0477AF0E268EBC3A00D4EF33 /* Release */ = {
			isa = XCBuildConfiguration;
			buildSettings = {
				ALWAYS_SEARCH_USER_PATHS = NO;
				CLANG_ANALYZER_NONNULL = YES;
				CLANG_ANALYZER_NUMBER_OBJECT_CONVERSION = YES_AGGRESSIVE;
				CLANG_CXX_LANGUAGE_STANDARD = "gnu++14";
				CLANG_CXX_LIBRARY = "libc++";
				CLANG_ENABLE_MODULES = YES;
				CLANG_ENABLE_OBJC_ARC = YES;
				CLANG_ENABLE_OBJC_WEAK = YES;
				CLANG_WARN_BLOCK_CAPTURE_AUTORELEASING = YES;
				CLANG_WARN_BOOL_CONVERSION = YES;
				CLANG_WARN_COMMA = YES;
				CLANG_WARN_CONSTANT_CONVERSION = YES;
				CLANG_WARN_DEPRECATED_OBJC_IMPLEMENTATIONS = YES;
				CLANG_WARN_DIRECT_OBJC_ISA_USAGE = YES_ERROR;
				CLANG_WARN_DOCUMENTATION_COMMENTS = YES;
				CLANG_WARN_EMPTY_BODY = YES;
				CLANG_WARN_ENUM_CONVERSION = YES;
				CLANG_WARN_INFINITE_RECURSION = YES;
				CLANG_WARN_INT_CONVERSION = YES;
				CLANG_WARN_NON_LITERAL_NULL_CONVERSION = YES;
				CLANG_WARN_OBJC_IMPLICIT_RETAIN_SELF = YES;
				CLANG_WARN_OBJC_LITERAL_CONVERSION = YES;
				CLANG_WARN_OBJC_ROOT_CLASS = YES_ERROR;
				CLANG_WARN_QUOTED_INCLUDE_IN_FRAMEWORK_HEADER = YES;
				CLANG_WARN_RANGE_LOOP_ANALYSIS = YES;
				CLANG_WARN_STRICT_PROTOTYPES = YES;
				CLANG_WARN_SUSPICIOUS_MOVE = YES;
				CLANG_WARN_UNGUARDED_AVAILABILITY = YES_AGGRESSIVE;
				CLANG_WARN_UNREACHABLE_CODE = YES;
				CLANG_WARN__DUPLICATE_METHOD_MATCH = YES;
				COPY_PHASE_STRIP = NO;
				DEBUG_INFORMATION_FORMAT = "dwarf-with-dsym";
				ENABLE_NS_ASSERTIONS = NO;
				ENABLE_STRICT_OBJC_MSGSEND = YES;
				GCC_C_LANGUAGE_STANDARD = gnu11;
				GCC_NO_COMMON_BLOCKS = YES;
				GCC_WARN_64_TO_32_BIT_CONVERSION = YES;
				GCC_WARN_ABOUT_RETURN_TYPE = YES_ERROR;
				GCC_WARN_UNDECLARED_SELECTOR = YES;
				GCC_WARN_UNINITIALIZED_AUTOS = YES_AGGRESSIVE;
				GCC_WARN_UNUSED_FUNCTION = YES;
				GCC_WARN_UNUSED_VARIABLE = YES;
				IPHONEOS_DEPLOYMENT_TARGET = 14.5;
				MTL_ENABLE_DEBUG_INFO = NO;
				MTL_FAST_MATH = YES;
				SDKROOT = iphoneos;
				SWIFT_COMPILATION_MODE = wholemodule;
				SWIFT_OPTIMIZATION_LEVEL = "-O";
				VALIDATE_PRODUCT = YES;
			};
			name = Release;
		};
		0477AF10268EBC3A00D4EF33 /* Debug */ = {
			isa = XCBuildConfiguration;
			buildSettings = {
				ASSETCATALOG_COMPILER_APPICON_NAME = AppIcon;
				ASSETCATALOG_COMPILER_GLOBAL_ACCENT_COLOR_NAME = AccentColor;
				CODE_SIGN_STYLE = Automatic;
				INFOPLIST_FILE = "Lesson 11/Info.plist";
				LD_RUNPATH_SEARCH_PATHS = (
					"$(inherited)",
					"@executable_path/Frameworks",
				);
				PRODUCT_BUNDLE_IDENTIFIER = "T1GER11.Lesson-11";
				PRODUCT_NAME = "$(TARGET_NAME)";
				SWIFT_VERSION = 5.0;
				TARGETED_DEVICE_FAMILY = "1,2";
			};
			name = Debug;
		};
		0477AF11268EBC3A00D4EF33 /* Release */ = {
			isa = XCBuildConfiguration;
			buildSettings = {
				ASSETCATALOG_COMPILER_APPICON_NAME = AppIcon;
				ASSETCATALOG_COMPILER_GLOBAL_ACCENT_COLOR_NAME = AccentColor;
				CODE_SIGN_STYLE = Automatic;
				INFOPLIST_FILE = "Lesson 11/Info.plist";
				LD_RUNPATH_SEARCH_PATHS = (
					"$(inherited)",
					"@executable_path/Frameworks",
				);
				PRODUCT_BUNDLE_IDENTIFIER = "T1GER11.Lesson-11";
				PRODUCT_NAME = "$(TARGET_NAME)";
				SWIFT_VERSION = 5.0;
				TARGETED_DEVICE_FAMILY = "1,2";
			};
			name = Release;
		};
/* End XCBuildConfiguration section */

/* Begin XCConfigurationList section */
		0477AEF6268EBC3600D4EF33 /* Build configuration list for PBXProject "Lesson 11" */ = {
			isa = XCConfigurationList;
			buildConfigurations = (
				0477AF0D268EBC3A00D4EF33 /* Debug */,
				0477AF0E268EBC3A00D4EF33 /* Release */,
			);
			defaultConfigurationIsVisible = 0;
			defaultConfigurationName = Release;
		};
		0477AF0F268EBC3A00D4EF33 /* Build configuration list for PBXNativeTarget "Lesson 11" */ = {
			isa = XCConfigurationList;
			buildConfigurations = (
				0477AF10268EBC3A00D4EF33 /* Debug */,
				0477AF11268EBC3A00D4EF33 /* Release */,
			);
			defaultConfigurationIsVisible = 0;
			defaultConfigurationName = Release;
		};
/* End XCConfigurationList section */
	};
	rootObject = 0477AEF3268EBC3600D4EF33 /* Project object */;
}
